
Microsoft Visual Studio Solution File, Format Version 12.00
# Visual Studio Version 17
VisualStudioVersion = 17.14.36414.22 d17.14
MinimumVisualStudioVersion = 10.0.40219.1
Project("{FAE04EC0-301F-11D3-BF4B-00C04F79EFBC}") = "MediaElement.Crash.Demo", "MediaElement.Crash.Demo.csproj", "{5B177A8D-CB9C-4E9F-AF15-EED7B50CD203}"
EndProject
Global
	GlobalSection(SolutionConfigurationPlatforms) = preSolution
		Debug|Any CPU = Debug|Any CPU
		Release|Any CPU = Release|Any CPU
	EndGlobalSection
	GlobalSection(ProjectConfigurationPlatforms) = postSolution
		{5B177A8D-CB9C-4E9F-AF15-EED7B50CD203}.Debug|Any CPU.ActiveCfg = Debug|Any CPU
		{5B177A8D-CB9C-4E9F-AF15-EED7B50CD203}.Debug|Any CPU.Build.0 = Debug|Any CPU
		{5B177A8D-CB9C-4E9F-AF15-EED7B50CD203}.Release|Any CPU.ActiveCfg = Release|Any CPU
		{5B177A8D-CB9C-4E9F-AF15-EED7B50CD203}.Release|Any CPU.Build.0 = Release|Any CPU
	EndGlobalSection
	GlobalSection(SolutionProperties) = preSolution
		HideSolutionNode = FALSE
	EndGlobalSection
	GlobalSection(ExtensibilityGlobals) = postSolution
		SolutionGuid = {BF3FFDE1-4C81-4C21-9D0C-5B36518EF062}
	EndGlobalSection
EndGlobal
